
Microsoft Visual Studio Solution File, Format Version 12.00
# Visual Studio Version 16
VisualStudioVersion = 16.0.31624.102
MinimumVisualStudioVersion = 10.0.40219.1
Project("{FAE04EC0-301F-11D3-BF4B-00C04F79EFBC}") = "Clasificador Bayes Ingenuo", "Clasificador Bayes Ingenuo\Clasificador Bayes Ingenuo.csproj", "{F309F8DC-0227-4DB5-9F52-F667C7DEF6AF}"
EndProject
Global
	GlobalSection(SolutionConfigurationPlatforms) = preSolution
		Debug|Any CPU = Debug|Any CPU
		Release|Any CPU = Release|Any CPU
	EndGlobalSection
	GlobalSection(ProjectConfigurationPlatforms) = postSolution
		{F309F8DC-0227-4DB5-9F52-F667C7DEF6AF}.Debug|Any CPU.ActiveCfg = Debug|Any CPU
		{F309F8DC-0227-4DB5-9F52-F667C7DEF6AF}.Debug|Any CPU.Build.0 = Debug|Any CPU
		{F309F8DC-0227-4DB5-9F52-F667C7DEF6AF}.Release|Any CPU.ActiveCfg = Release|Any CPU
		{F309F8DC-0227-4DB5-9F52-F667C7DEF6AF}.Release|Any CPU.Build.0 = Release|Any CPU
	EndGlobalSection
	GlobalSection(SolutionProperties) = preSolution
		HideSolutionNode = FALSE
	EndGlobalSection
	GlobalSection(ExtensibilityGlobals) = postSolution
		SolutionGuid = {4F0AACA6-5FBF-417D-814A-16D026C620EF}
	EndGlobalSection
EndGlobal
